// !$*UTF8*$!
{
	archiveVersion = 1;
	classes = {
	};
	objectVersion = 48;
	objects = {

/* Begin PBXBuildFile section */
		D8138F601FD2DDB10088EB2A /* ColorSpaceManager.swift in Sources */ = {isa = PBXBuildFile; fileRef = D8138F5F1FD2DDB10088EB2A /* ColorSpaceManager.swift */; };
		D83734001FC8A44800B59423 /* AssetManager.swift in Sources */ = {isa = PBXBuildFile; fileRef = D83733FF1FC8A44800B59423 /* AssetManager.swift */; };
		D83734021FC8A56500B59423 /* OutputFileManager.swift in Sources */ = {isa = PBXBuildFile; fileRef = D83734011FC8A56500B59423 /* OutputFileManager.swift */; };
		D83734041FC8B5B800B59423 /* Asset.swift in Sources */ = {isa = PBXBuildFile; fileRef = D83734031FC8B5B800B59423 /* Asset.swift */; };
		D879B3DB1FC76C7A0095C592 /* CommandLine.swift in Sources */ = {isa = PBXBuildFile; fileRef = D879B3D81FC76C7A0095C592 /* CommandLine.swift */; };
		D879B3DC1FC76C7A0095C592 /* Option.swift in Sources */ = {isa = PBXBuildFile; fileRef = D879B3D91FC76C7A0095C592 /* Option.swift */; };
		D879B3DD1FC76C7A0095C592 /* StringExtensions.swift in Sources */ = {isa = PBXBuildFile; fileRef = D879B3DA1FC76C7A0095C592 /* StringExtensions.swift */; };
		D89E2EE61FC1B10800CDC51C /* main.swift in Sources */ = {isa = PBXBuildFile; fileRef = D89E2EE51FC1B10800CDC51C /* main.swift */; };
		D89E2EED1FC1B26200CDC51C /* ColorData.swift in Sources */ = {isa = PBXBuildFile; fileRef = D89E2EEC1FC1B26200CDC51C /* ColorData.swift */; };
		D89E2F0D1FC1B34F00CDC51C /* Document.swift in Sources */ = {isa = PBXBuildFile; fileRef = D89E2F081FC1B34F00CDC51C /* Document.swift */; };
		D89E2F0E1FC1B34F00CDC51C /* Element.swift in Sources */ = {isa = PBXBuildFile; fileRef = D89E2F091FC1B34F00CDC51C /* Element.swift */; };
		D89E2F0F1FC1B34F00CDC51C /* Error.swift in Sources */ = {isa = PBXBuildFile; fileRef = D89E2F0A1FC1B34F00CDC51C /* Error.swift */; };
		D89E2F101FC1B34F00CDC51C /* Options.swift in Sources */ = {isa = PBXBuildFile; fileRef = D89E2F0B1FC1B34F00CDC51C /* Options.swift */; };
		D89E2F111FC1B34F00CDC51C /* Parser.swift in Sources */ = {isa = PBXBuildFile; fileRef = D89E2F0C1FC1B34F00CDC51C /* Parser.swift */; };
		D89E2F131FC1B4A700CDC51C /* ColorManager.swift in Sources */ = {isa = PBXBuildFile; fileRef = D89E2F121FC1B4A700CDC51C /* ColorManager.swift */; };
		D89E2F161FC1B4DA00CDC51C /* AEXMLElement.swift in Sources */ = {isa = PBXBuildFile; fileRef = D89E2F151FC1B4DA00CDC51C /* AEXMLElement.swift */; };
		D89E2F1A1FC1B76700CDC51C /* StoryboardManager.swift in Sources */ = {isa = PBXBuildFile; fileRef = D89E2F191FC1B76700CDC51C /* StoryboardManager.swift */; };
		D89E2F1E1FC1B90900CDC51C /* PathManager.swift in Sources */ = {isa = PBXBuildFile; fileRef = D89E2F1D1FC1B90900CDC51C /* PathManager.swift */; };
		D89E2F201FC1C2AB00CDC51C /* CLIManager.swift in Sources */ = {isa = PBXBuildFile; fileRef = D89E2F1F1FC1C2AB00CDC51C /* CLIManager.swift */; };
		D8C9BC451FC2FE1E007261A7 /* WebColors.swift in Sources */ = {isa = PBXBuildFile; fileRef = D8C9BC441FC2FE1E007261A7 /* WebColors.swift */; };
/* End PBXBuildFile section */

/* Begin PBXCopyFilesBuildPhase section */
		D89E2EE01FC1B10800CDC51C /* CopyFiles */ = {
			isa = PBXCopyFilesBuildPhase;
			buildActionMask = 2147483647;
			dstPath = /usr/share/man/man1/;
			dstSubfolderSpec = 0;
			files = (
			);
			runOnlyForDeploymentPostprocessing = 1;
		};
/* End PBXCopyFilesBuildPhase section */

/* Begin PBXFileReference section */
		D8138F5F1FD2DDB10088EB2A /* ColorSpaceManager.swift */ = {isa = PBXFileReference; lastKnownFileType = sourcecode.swift; path = ColorSpaceManager.swift; sourceTree = "<group>"; };
		D83733FF1FC8A44800B59423 /* AssetManager.swift */ = {isa = PBXFileReference; lastKnownFileType = sourcecode.swift; path = AssetManager.swift; sourceTree = "<group>"; };
		D83734011FC8A56500B59423 /* OutputFileManager.swift */ = {isa = PBXFileReference; lastKnownFileType = sourcecode.swift; path = OutputFileManager.swift; sourceTree = "<group>"; };
		D83734031FC8B5B800B59423 /* Asset.swift */ = {isa = PBXFileReference; lastKnownFileType = sourcecode.swift; path = Asset.swift; sourceTree = "<group>"; };
		D879B3D81FC76C7A0095C592 /* CommandLine.swift */ = {isa = PBXFileReference; fileEncoding = 4; lastKnownFileType = sourcecode.swift; path = CommandLine.swift; sourceTree = "<group>"; };
		D879B3D91FC76C7A0095C592 /* Option.swift */ = {isa = PBXFileReference; fileEncoding = 4; lastKnownFileType = sourcecode.swift; path = Option.swift; sourceTree = "<group>"; };
		D879B3DA1FC76C7A0095C592 /* StringExtensions.swift */ = {isa = PBXFileReference; fileEncoding = 4; lastKnownFileType = sourcecode.swift; path = StringExtensions.swift; sourceTree = "<group>"; };
		D88AAD501FD2F77F006F31F0 /* AppKit.framework */ = {isa = PBXFileReference; lastKnownFileType = wrapper.framework; name = AppKit.framework; path = System/Library/Frameworks/AppKit.framework; sourceTree = SDKROOT; };
		D89E2EE21FC1B10800CDC51C /* SwiftColorGen */ = {isa = PBXFileReference; explicitFileType = "compiled.mach-o.executable"; includeInIndex = 0; path = SwiftColorGen; sourceTree = BUILT_PRODUCTS_DIR; };
		D89E2EE51FC1B10800CDC51C /* main.swift */ = {isa = PBXFileReference; lastKnownFileType = sourcecode.swift; path = main.swift; sourceTree = "<group>"; };
		D89E2EEC1FC1B26200CDC51C /* ColorData.swift */ = {isa = PBXFileReference; lastKnownFileType = sourcecode.swift; path = ColorData.swift; sourceTree = "<group>"; };
		D89E2F071FC1B34F00CDC51C /* AEXML.h */ = {isa = PBXFileReference; fileEncoding = 4; lastKnownFileType = sourcecode.c.h; path = AEXML.h; sourceTree = "<group>"; };
		D89E2F081FC1B34F00CDC51C /* Document.swift */ = {isa = PBXFileReference; fileEncoding = 4; lastKnownFileType = sourcecode.swift; path = Document.swift; sourceTree = "<group>"; };
		D89E2F091FC1B34F00CDC51C /* Element.swift */ = {isa = PBXFileReference; fileEncoding = 4; lastKnownFileType = sourcecode.swift; path = Element.swift; sourceTree = "<group>"; };
		D89E2F0A1FC1B34F00CDC51C /* Error.swift */ = {isa = PBXFileReference; fileEncoding = 4; lastKnownFileType = sourcecode.swift; path = Error.swift; sourceTree = "<group>"; };
		D89E2F0B1FC1B34F00CDC51C /* Options.swift */ = {isa = PBXFileReference; fileEncoding = 4; lastKnownFileType = sourcecode.swift; path = Options.swift; sourceTree = "<group>"; };
		D89E2F0C1FC1B34F00CDC51C /* Parser.swift */ = {isa = PBXFileReference; fileEncoding = 4; lastKnownFileType = sourcecode.swift; path = Parser.swift; sourceTree = "<group>"; };
		D89E2F121FC1B4A700CDC51C /* ColorManager.swift */ = {isa = PBXFileReference; lastKnownFileType = sourcecode.swift; path = ColorManager.swift; sourceTree = "<group>"; };
		D89E2F151FC1B4DA00CDC51C /* AEXMLElement.swift */ = {isa = PBXFileReference; lastKnownFileType = sourcecode.swift; path = AEXMLElement.swift; sourceTree = "<group>"; };
		D89E2F191FC1B76700CDC51C /* StoryboardManager.swift */ = {isa = PBXFileReference; lastKnownFileType = sourcecode.swift; path = StoryboardManager.swift; sourceTree = "<group>"; };
		D89E2F1D1FC1B90900CDC51C /* PathManager.swift */ = {isa = PBXFileReference; lastKnownFileType = sourcecode.swift; path = PathManager.swift; sourceTree = "<group>"; };
		D89E2F1F1FC1C2AB00CDC51C /* CLIManager.swift */ = {isa = PBXFileReference; lastKnownFileType = sourcecode.swift; path = CLIManager.swift; sourceTree = "<group>"; };
		D89E2F251FC1D43700CDC51C /* Second.storyboard */ = {isa = PBXFileReference; lastKnownFileType = file.storyboard; path = Second.storyboard; sourceTree = "<group>"; };
		D89E2F261FC1D44800CDC51C /* First.storyboard */ = {isa = PBXFileReference; lastKnownFileType = file.storyboard; path = First.storyboard; sourceTree = "<group>"; };
		D89E2F271FC1D82F00CDC51C /* Assets.xcassets */ = {isa = PBXFileReference; lastKnownFileType = folder.assetcatalog; path = Assets.xcassets; sourceTree = "<group>"; };
		D89E2F281FC1D85900CDC51C /* Generated.swift */ = {isa = PBXFileReference; lastKnownFileType = sourcecode.swift; path = Generated.swift; sourceTree = "<group>"; };
		D8C9BC441FC2FE1E007261A7 /* WebColors.swift */ = {isa = PBXFileReference; lastKnownFileType = sourcecode.swift; path = WebColors.swift; sourceTree = "<group>"; };
/* End PBXFileReference section */

/* Begin PBXFrameworksBuildPhase section */
		D89E2EDF1FC1B10800CDC51C /* Frameworks */ = {
			isa = PBXFrameworksBuildPhase;
			buildActionMask = 2147483647;
			files = (
			);
			runOnlyForDeploymentPostprocessing = 0;
		};
/* End PBXFrameworksBuildPhase section */

/* Begin PBXGroup section */
		D879B3D71FC76C5B0095C592 /* CommandLineKit */ = {
			isa = PBXGroup;
			children = (
				D879B3D81FC76C7A0095C592 /* CommandLine.swift */,
				D879B3D91FC76C7A0095C592 /* Option.swift */,
				D879B3DA1FC76C7A0095C592 /* StringExtensions.swift */,
			);
			path = CommandLineKit;
			sourceTree = "<group>";
		};
		D88AAD4F1FD2F77E006F31F0 /* Frameworks */ = {
			isa = PBXGroup;
			children = (
				D88AAD501FD2F77F006F31F0 /* AppKit.framework */,
			);
			name = Frameworks;
			sourceTree = "<group>";
		};
		D89E2ED91FC1B10800CDC51C = {
			isa = PBXGroup;
			children = (
				D89E2F221FC1D3B300CDC51C /* Example */,
				D89E2EE41FC1B10800CDC51C /* SwiftColorGen */,
				D89E2EE31FC1B10800CDC51C /* Products */,
				D88AAD4F1FD2F77E006F31F0 /* Frameworks */,
			);
			sourceTree = "<group>";
		};
		D89E2EE31FC1B10800CDC51C /* Products */ = {
			isa = PBXGroup;
			children = (
				D89E2EE21FC1B10800CDC51C /* SwiftColorGen */,
			);
			name = Products;
			sourceTree = "<group>";
		};
		D89E2EE41FC1B10800CDC51C /* SwiftColorGen */ = {
			isa = PBXGroup;
			children = (
				D89E2F1B1FC1B77700CDC51C /* Libs */,
				D89E2F1C1FC1B8DB00CDC51C /* Model */,
				D89E2F141FC1B4C700CDC51C /* Extensions */,
				D89E2F171FC1B71F00CDC51C /* Utils */,
				D89E2EE51FC1B10800CDC51C /* main.swift */,
			);
			path = SwiftColorGen;
			sourceTree = "<group>";
		};
		D89E2EFB1FC1B31D00CDC51C /* AEXML */ = {
			isa = PBXGroup;
			children = (
				D89E2F071FC1B34F00CDC51C /* AEXML.h */,
				D89E2F081FC1B34F00CDC51C /* Document.swift */,
				D89E2F091FC1B34F00CDC51C /* Element.swift */,
				D89E2F0A1FC1B34F00CDC51C /* Error.swift */,
				D89E2F0B1FC1B34F00CDC51C /* Options.swift */,
				D89E2F0C1FC1B34F00CDC51C /* Parser.swift */,
			);
			path = AEXML;
			sourceTree = "<group>";
		};
		D89E2F141FC1B4C700CDC51C /* Extensions */ = {
			isa = PBXGroup;
			children = (
				D89E2F151FC1B4DA00CDC51C /* AEXMLElement.swift */,
			);
			path = Extensions;
			sourceTree = "<group>";
		};
		D89E2F171FC1B71F00CDC51C /* Utils */ = {
			isa = PBXGroup;
			children = (
				D89E2F121FC1B4A700CDC51C /* ColorManager.swift */,
				D89E2F191FC1B76700CDC51C /* StoryboardManager.swift */,
				D89E2F1D1FC1B90900CDC51C /* PathManager.swift */,
				D89E2F1F1FC1C2AB00CDC51C /* CLIManager.swift */,
				D83733FF1FC8A44800B59423 /* AssetManager.swift */,
				D83734011FC8A56500B59423 /* OutputFileManager.swift */,
				D8138F5F1FD2DDB10088EB2A /* ColorSpaceManager.swift */,
			);
			path = Utils;
			sourceTree = "<group>";
		};
		D89E2F1B1FC1B77700CDC51C /* Libs */ = {
			isa = PBXGroup;
			children = (
				D879B3D71FC76C5B0095C592 /* CommandLineKit */,
				D89E2EFB1FC1B31D00CDC51C /* AEXML */,
			);
			path = Libs;
			sourceTree = "<group>";
		};
		D89E2F1C1FC1B8DB00CDC51C /* Model */ = {
			isa = PBXGroup;
			children = (
				D89E2EEC1FC1B26200CDC51C /* ColorData.swift */,
				D8C9BC441FC2FE1E007261A7 /* WebColors.swift */,
				D83734031FC8B5B800B59423 /* Asset.swift */,
			);
			path = Model;
			sourceTree = "<group>";
		};
		D89E2F221FC1D3B300CDC51C /* Example */ = {
			isa = PBXGroup;
			children = (
				D89E2F261FC1D44800CDC51C /* First.storyboard */,
				D89E2F251FC1D43700CDC51C /* Second.storyboard */,
				D89E2F271FC1D82F00CDC51C /* Assets.xcassets */,
				D89E2F281FC1D85900CDC51C /* Generated.swift */,
			);
			path = Example;
			sourceTree = "<group>";
		};
/* End PBXGroup section */

/* Begin PBXNativeTarget section */
		D89E2EE11FC1B10800CDC51C /* SwiftColorGen */ = {
			isa = PBXNativeTarget;
			buildConfigurationList = D89E2EE91FC1B10800CDC51C /* Build configuration list for PBXNativeTarget "SwiftColorGen" */;
			buildPhases = (
				D89E2EDE1FC1B10800CDC51C /* Sources */,
				D89E2EDF1FC1B10800CDC51C /* Frameworks */,
				D89E2EE01FC1B10800CDC51C /* CopyFiles */,
			);
			buildRules = (
			);
			dependencies = (
			);
			name = SwiftColorGen;
			productName = SwiftColorGen;
			productReference = D89E2EE21FC1B10800CDC51C /* SwiftColorGen */;
			productType = "com.apple.product-type.tool";
		};
/* End PBXNativeTarget section */

/* Begin PBXProject section */
		D89E2EDA1FC1B10800CDC51C /* Project object */ = {
			isa = PBXProject;
			attributes = {
				LastSwiftUpdateCheck = 0910;
				LastUpgradeCheck = 0910;
				ORGANIZATIONNAME = "Fernando del Rio";
				TargetAttributes = {
					D89E2EE11FC1B10800CDC51C = {
						CreatedOnToolsVersion = 9.1;
						ProvisioningStyle = Automatic;
					};
				};
			};
			buildConfigurationList = D89E2EDD1FC1B10800CDC51C /* Build configuration list for PBXProject "SwiftColorGen" */;
			compatibilityVersion = "Xcode 8.0";
			developmentRegion = en;
			hasScannedForEncodings = 0;
			knownRegions = (
				en,
			);
			mainGroup = D89E2ED91FC1B10800CDC51C;
			productRefGroup = D89E2EE31FC1B10800CDC51C /* Products */;
			projectDirPath = "";
			projectRoot = "";
			targets = (
				D89E2EE11FC1B10800CDC51C /* SwiftColorGen */,
			);
		};
/* End PBXProject section */

/* Begin PBXSourcesBuildPhase section */
		D89E2EDE1FC1B10800CDC51C /* Sources */ = {
			isa = PBXSourcesBuildPhase;
			buildActionMask = 2147483647;
			files = (
				D8C9BC451FC2FE1E007261A7 /* WebColors.swift in Sources */,
				D89E2F1E1FC1B90900CDC51C /* PathManager.swift in Sources */,
				D89E2EE61FC1B10800CDC51C /* main.swift in Sources */,
				D89E2EED1FC1B26200CDC51C /* ColorData.swift in Sources */,
				D8138F601FD2DDB10088EB2A /* ColorSpaceManager.swift in Sources */,
				D83734021FC8A56500B59423 /* OutputFileManager.swift in Sources */,
				D89E2F0E1FC1B34F00CDC51C /* Element.swift in Sources */,
				D83734001FC8A44800B59423 /* AssetManager.swift in Sources */,
				D879B3DB1FC76C7A0095C592 /* CommandLine.swift in Sources */,
				D89E2F0F1FC1B34F00CDC51C /* Error.swift in Sources */,
				D83734041FC8B5B800B59423 /* Asset.swift in Sources */,
				D879B3DC1FC76C7A0095C592 /* Option.swift in Sources */,
				D879B3DD1FC76C7A0095C592 /* StringExtensions.swift in Sources */,
				D89E2F1A1FC1B76700CDC51C /* StoryboardManager.swift in Sources */,
				D89E2F101FC1B34F00CDC51C /* Options.swift in Sources */,
				D89E2F0D1FC1B34F00CDC51C /* Document.swift in Sources */,
				D89E2F111FC1B34F00CDC51C /* Parser.swift in Sources */,
				D89E2F131FC1B4A700CDC51C /* ColorManager.swift in Sources */,
				D89E2F201FC1C2AB00CDC51C /* CLIManager.swift in Sources */,
				D89E2F161FC1B4DA00CDC51C /* AEXMLElement.swift in Sources */,
			);
			runOnlyForDeploymentPostprocessing = 0;
		};
/* End PBXSourcesBuildPhase section */

/* Begin XCBuildConfiguration section */
		D89E2EE71FC1B10800CDC51C /* Debug */ = {
			isa = XCBuildConfiguration;
			buildSettings = {
				ALWAYS_SEARCH_USER_PATHS = NO;
				CLANG_ANALYZER_NONNULL = YES;
				CLANG_ANALYZER_NUMBER_OBJECT_CONVERSION = YES_AGGRESSIVE;
				CLANG_CXX_LANGUAGE_STANDARD = "gnu++14";
				CLANG_CXX_LIBRARY = "libc++";
				CLANG_ENABLE_MODULES = YES;
				CLANG_ENABLE_OBJC_ARC = YES;
				CLANG_WARN_BLOCK_CAPTURE_AUTORELEASING = YES;
				CLANG_WARN_BOOL_CONVERSION = YES;
				CLANG_WARN_COMMA = YES;
				CLANG_WARN_CONSTANT_CONVERSION = YES;
				CLANG_WARN_DIRECT_OBJC_ISA_USAGE = YES_ERROR;
				CLANG_WARN_DOCUMENTATION_COMMENTS = YES;
				CLANG_WARN_EMPTY_BODY = YES;
				CLANG_WARN_ENUM_CONVERSION = YES;
				CLANG_WARN_INFINITE_RECURSION = YES;
				CLANG_WARN_INT_CONVERSION = YES;
				CLANG_WARN_NON_LITERAL_NULL_CONVERSION = YES;
				CLANG_WARN_OBJC_LITERAL_CONVERSION = YES;
				CLANG_WARN_OBJC_ROOT_CLASS = YES_ERROR;
				CLANG_WARN_RANGE_LOOP_ANALYSIS = YES;
				CLANG_WARN_STRICT_PROTOTYPES = YES;
				CLANG_WARN_SUSPICIOUS_MOVE = YES;
				CLANG_WARN_UNGUARDED_AVAILABILITY = YES_AGGRESSIVE;
				CLANG_WARN_UNREACHABLE_CODE = YES;
				CLANG_WARN__DUPLICATE_METHOD_MATCH = YES;
				CODE_SIGN_IDENTITY = "Mac Developer";
				COPY_PHASE_STRIP = NO;
				DEBUG_INFORMATION_FORMAT = dwarf;
				ENABLE_STRICT_OBJC_MSGSEND = YES;
				ENABLE_TESTABILITY = YES;
				GCC_C_LANGUAGE_STANDARD = gnu11;
				GCC_DYNAMIC_NO_PIC = NO;
				GCC_NO_COMMON_BLOCKS = YES;
				GCC_OPTIMIZATION_LEVEL = 0;
				GCC_PREPROCESSOR_DEFINITIONS = (
					"DEBUG=1",
					"$(inherited)",
				);
				GCC_WARN_64_TO_32_BIT_CONVERSION = YES;
				GCC_WARN_ABOUT_RETURN_TYPE = YES_ERROR;
				GCC_WARN_UNDECLARED_SELECTOR = YES;
				GCC_WARN_UNINITIALIZED_AUTOS = YES_AGGRESSIVE;
				GCC_WARN_UNUSED_FUNCTION = YES;
				GCC_WARN_UNUSED_VARIABLE = YES;
				MACOSX_DEPLOYMENT_TARGET = 10.12;
				MTL_ENABLE_DEBUG_INFO = YES;
				ONLY_ACTIVE_ARCH = YES;
				SDKROOT = macosx;
				SWIFT_ACTIVE_COMPILATION_CONDITIONS = DEBUG;
				SWIFT_OPTIMIZATION_LEVEL = "-Onone";
			};
			name = Debug;
		};
		D89E2EE81FC1B10800CDC51C /* Release */ = {
			isa = XCBuildConfiguration;
			buildSettings = {
				ALWAYS_SEARCH_USER_PATHS = NO;
				CLANG_ANALYZER_NONNULL = YES;
				CLANG_ANALYZER_NUMBER_OBJECT_CONVERSION = YES_AGGRESSIVE;
				CLANG_CXX_LANGUAGE_STANDARD = "gnu++14";
				CLANG_CXX_LIBRARY = "libc++";
				CLANG_ENABLE_MODULES = YES;
				CLANG_ENABLE_OBJC_ARC = YES;
				CLANG_WARN_BLOCK_CAPTURE_AUTORELEASING = YES;
				CLANG_WARN_BOOL_CONVERSION = YES;
				CLANG_WARN_COMMA = YES;
				CLANG_WARN_CONSTANT_CONVERSION = YES;
				CLANG_WARN_DIRECT_OBJC_ISA_USAGE = YES_ERROR;
				CLANG_WARN_DOCUMENTATION_COMMENTS = YES;
				CLANG_WARN_EMPTY_BODY = YES;
				CLANG_WARN_ENUM_CONVERSION = YES;
				CLANG_WARN_INFINITE_RECURSION = YES;
				CLANG_WARN_INT_CONVERSION = YES;
				CLANG_WARN_NON_LITERAL_NULL_CONVERSION = YES;
				CLANG_WARN_OBJC_LITERAL_CONVERSION = YES;
				CLANG_WARN_OBJC_ROOT_CLASS = YES_ERROR;
				CLANG_WARN_RANGE_LOOP_ANALYSIS = YES;
				CLANG_WARN_STRICT_PROTOTYPES = YES;
				CLANG_WARN_SUSPICIOUS_MOVE = YES;
				CLANG_WARN_UNGUARDED_AVAILABILITY = YES_AGGRESSIVE;
				CLANG_WARN_UNREACHABLE_CODE = YES;
				CLANG_WARN__DUPLICATE_METHOD_MATCH = YES;
				CODE_SIGN_IDENTITY = "Mac Developer";
				COPY_PHASE_STRIP = NO;
				DEBUG_INFORMATION_FORMAT = "dwarf-with-dsym";
				ENABLE_NS_ASSERTIONS = NO;
				ENABLE_STRICT_OBJC_MSGSEND = YES;
				GCC_C_LANGUAGE_STANDARD = gnu11;
				GCC_NO_COMMON_BLOCKS = YES;
				GCC_WARN_64_TO_32_BIT_CONVERSION = YES;
				GCC_WARN_ABOUT_RETURN_TYPE = YES_ERROR;
				GCC_WARN_UNDECLARED_SELECTOR = YES;
				GCC_WARN_UNINITIALIZED_AUTOS = YES_AGGRESSIVE;
				GCC_WARN_UNUSED_FUNCTION = YES;
				GCC_WARN_UNUSED_VARIABLE = YES;
				MACOSX_DEPLOYMENT_TARGET = 10.12;
				MTL_ENABLE_DEBUG_INFO = NO;
				SDKROOT = macosx;
				SWIFT_OPTIMIZATION_LEVEL = "-Owholemodule";
			};
			name = Release;
		};
		D89E2EEA1FC1B10800CDC51C /* Debug */ = {
			isa = XCBuildConfiguration;
			buildSettings = {
				CODE_SIGN_STYLE = Automatic;
				DEVELOPMENT_TEAM = U2Q2B87KFD;
				PRODUCT_NAME = "$(TARGET_NAME)";
				SWIFT_VERSION = 4.0;
			};
			name = Debug;
		};
		D89E2EEB1FC1B10800CDC51C /* Release */ = {
			isa = XCBuildConfiguration;
			buildSettings = {
				CODE_SIGN_STYLE = Automatic;
				DEVELOPMENT_TEAM = U2Q2B87KFD;
				PRODUCT_NAME = "$(TARGET_NAME)";
				SWIFT_VERSION = 4.0;
			};
			name = Release;
		};
/* End XCBuildConfiguration section */

/* Begin XCConfigurationList section */
		D89E2EDD1FC1B10800CDC51C /* Build configuration list for PBXProject "SwiftColorGen" */ = {
			isa = XCConfigurationList;
			buildConfigurations = (
				D89E2EE71FC1B10800CDC51C /* Debug */,
				D89E2EE81FC1B10800CDC51C /* Release */,
			);
			defaultConfigurationIsVisible = 0;
			defaultConfigurationName = Release;
		};
		D89E2EE91FC1B10800CDC51C /* Build configuration list for PBXNativeTarget "SwiftColorGen" */ = {
			isa = XCConfigurationList;
			buildConfigurations = (
				D89E2EEA1FC1B10800CDC51C /* Debug */,
				D89E2EEB1FC1B10800CDC51C /* Release */,
			);
			defaultConfigurationIsVisible = 0;
			defaultConfigurationName = Release;
		};
/* End XCConfigurationList section */
	};
	rootObject = D89E2EDA1FC1B10800CDC51C /* Project object */;
}
